{
	"name": "@qawolf/web-tests",
	"version": "0.8.2",
	"lockfileVersion": 1,
	"requires": true,
	"dependencies": {
		"@colors/colors": {
			"version": "1.5.0",
			"resolved": "https://registry.npmjs.org/@colors/colors/-/colors-1.5.0.tgz",
			"integrity": "sha512-ooWCrlZP11i8GImSjTHYHLkvFDP48nS4+204nGb1RiX/WXYHmJA2III9/e2DWVabCESdW7hBAEzHRqUn9OUVvQ==",
			"dev": true
		},
		"@dabh/diagnostics": {
			"version": "2.0.3",
			"resolved": "https://registry.npmjs.org/@dabh/diagnostics/-/diagnostics-2.0.3.tgz",
			"integrity": "sha512-hrlQOIi7hAfzsMqlGSFyVucrx38O+j6wiGOf//H2ecvIEqYN4ADBSS2iLMh5UFyDunCNniUIPk/q3riFv45xRA==",
			"dev": true,
			"requires": {
				"colorspace": "1.1.x",
				"enabled": "2.0.x",
				"kuler": "^2.0.0"
			}
		},
		"@jperl/html-parse-stringify": {
			"version": "1.0.4",
			"resolved": "https://registry.npmjs.org/@jperl/html-parse-stringify/-/html-parse-stringify-1.0.4.tgz",
			"integrity": "sha512-6fxKwqhGB0ByV+na6KOKNkphI5aitVvSp6sYoLbOdL3QsPAWnw26CuSSMPj1t8ElJXJker+HfWfhjZVC7MLTKw==",
			"dev": true,
			"requires": {
				"void-elements": "^1.0.0"
			}
		},
		"@qawolf/browser": {
			"version": "0.8.3",
			"resolved": "https://registry.npmjs.org/@qawolf/browser/-/browser-0.8.3.tgz",
			"integrity": "sha512-t8fnm+Og94jy92Bm625BVR8kvSwT0ciGtEthHhO7JqfQfiwtZwbno1oe8GH8zwBpp43EIcGqe/6neI3wh6l9HA==",
			"dev": true,
			"requires": {
				"@qawolf/config": "^0.8.3",
				"@qawolf/logger": "^0.8.3",
				"@qawolf/screen": "^0.8.3",
				"@qawolf/types": "^0.8.2",
				"@qawolf/web": "^0.8.2",
				"fs-extra": "^8.1.0",
				"lodash": "^4.17.15",
				"puppeteer": "^2.0.0",
				"rrweb": "^0.7.25"
			}
		},
		"@qawolf/config": {
			"version": "0.8.3",
			"resolved": "https://registry.npmjs.org/@qawolf/config/-/config-0.8.3.tgz",
			"integrity": "sha512-jl1bSlh9KuLN4rlR1dKZYgdWFyWR05bHnHBwGTDyR3dQXbEuTgJXCiK25hjvQKeNznkIkwq3/aVadXYlVjxX1g==",
			"dev": true,
			"requires": {
				"dotenv": "^8.1.0",
				"fs-extra": "^8.1.0"
			}
		},
		"@qawolf/ffmpeg-static": {
			"version": "3.1.4",
			"resolved": "https://registry.npmjs.org/@qawolf/ffmpeg-static/-/ffmpeg-static-3.1.4.tgz",
			"integrity": "sha512-AMiBUxrajhdVadfAhgtqFlV6shNvquehFA238lA/7O6PDRB46fx5H2iHgjH78lEgxNKVfHx00NDRtltymtd2rw==",
			"dev": true,
			"requires": {
				"progress": "^2.0.3",
				"simple-get": "^3.1.0",
				"tar": "^5.0.5"
			}
		},
		"@qawolf/logger": {
			"version": "0.8.3",
			"resolved": "https://registry.npmjs.org/@qawolf/logger/-/logger-0.8.3.tgz",
			"integrity": "sha512-mLstoQVc6gz5uHMza3ml2xJ9DTkBX8cNQMmcCHDwiVqFujUqeF1JYKNjEGe/yV8DRHt8nT/HaLsfPw+Py/hcHw==",
			"dev": true,
			"requires": {
				"@qawolf/config": "^0.8.3",
				"winston": "^3.2.1"
			}
		},
		"@qawolf/screen": {
			"version": "0.8.3",
			"resolved": "https://registry.npmjs.org/@qawolf/screen/-/screen-0.8.3.tgz",
			"integrity": "sha512-C9M5hQ+b/ry67G41SmNH/tpm0zMm7otlg8otRUpiJST53QzK5p2pyoFwEpc7rvxhCPOK1AprlgOVVRv25KnCqQ==",
			"dev": true,
			"requires": {
				"@qawolf/config": "^0.8.3",
				"@qawolf/ffmpeg-static": "3.1.4",
				"@qawolf/logger": "^0.8.3",
				"@qawolf/web": "^0.8.2",
				"fs-extra": "^8.1.0"
			}
		},
		"@qawolf/types": {
			"version": "0.8.2",
			"resolved": "https://registry.npmjs.org/@qawolf/types/-/types-0.8.2.tgz",
			"integrity": "sha512-qjiLF7U/5HEQoFr3tpaJHcjLA5TppPptCNtrJSaX2xIhfoaTBrr9/F9wpTGXcsq/7DNer01wG6TL7ZM+SiEdgQ==",
			"dev": true
		},
		"@qawolf/web": {
			"version": "0.8.2",
			"resolved": "https://registry.npmjs.org/@qawolf/web/-/web-0.8.2.tgz",
			"integrity": "sha512-K3SOVvwu21fPFDYdKYnNq1wUHb2HHQK22TuJOoog1uIHmio7L5cW84tKjq0B4TxYqleYCsAS2lyUpRWX62O6fg==",
			"dev": true,
			"requires": {
				"@jperl/html-parse-stringify": "1.0.4"
			}
		},
		"@types/mime-types": {
			"version": "2.1.1",
			"resolved": "https://registry.npmjs.org/@types/mime-types/-/mime-types-2.1.1.tgz",
			"integrity": "sha512-vXOTGVSLR2jMw440moWTC7H19iUyLtP3Z1YTj7cSsubOICinjMxFeb/V57v9QdyyPGbbWolUFSSmSiRSn94tFw==",
			"dev": true
		},
		"@types/smoothscroll-polyfill": {
			"version": "0.3.1",
			"resolved": "https://registry.npmjs.org/@types/smoothscroll-polyfill/-/smoothscroll-polyfill-0.3.1.tgz",
			"integrity": "sha512-+KkHw4y+EyeCtVXET7woHUhIbfWFCflc0E0mZnSV+ZdjPQeHt/9KPEuT7gSW/kFQ8O3EG30PLO++YhChDt8+Ag==",
			"dev": true
		},
		"agent-base": {
			"version": "5.1.1",
			"resolved": "https://registry.npmjs.org/agent-base/-/agent-base-5.1.1.tgz",
			"integrity": "sha512-TMeqbNl2fMW0nMjTEPOwe3J/PRFP4vqeoNuQMG0HlMrtm5QxKqdvAkZ1pRBQ/ulIyDD5Yq0nJ7YbdD8ey0TO3g==",
			"dev": true
		},
		"async": {
			"version": "3.2.4",
			"resolved": "https://registry.npmjs.org/async/-/async-3.2.4.tgz",
			"integrity": "sha512-iAB+JbDEGXhyIUavoDl9WP/Jj106Kz9DEn1DPgYw5ruDn0e3Wgi3sKFm55sASdGBNOQB8F59d9qQ7deqrHA8wQ==",
			"dev": true
		},
		"async-limiter": {
			"version": "1.0.1",
			"resolved": "https://registry.npmjs.org/async-limiter/-/async-limiter-1.0.1.tgz",
			"integrity": "sha512-csOlWGAcRFJaI6m+F2WKdnMKr4HhdhFVBk0H/QbJFMCr+uO2kwohwXQPxw/9OCxp05r5ghVBFSyioixx3gfkNQ==",
			"dev": true
		},
		"balanced-match": {
			"version": "1.0.0",
			"resolved": "https://registry.npmjs.org/balanced-match/-/balanced-match-1.0.0.tgz",
			"integrity": "sha1-ibTRmasr7kneFk6gK4nORi1xt2c=",
			"dev": true
		},
		"brace-expansion": {
			"version": "1.1.11",
			"resolved": "https://registry.npmjs.org/brace-expansion/-/brace-expansion-1.1.11.tgz",
			"integrity": "sha512-iCuPHDFgrHX7H2vEI/5xpz07zSHB00TpugqhmYtVmMO6518mCuRMoOYFldEBl0g187ufozdaHgWKcYFb61qGiA==",
			"dev": true,
			"requires": {
				"balanced-match": "^1.0.0",
				"concat-map": "0.0.1"
			}
		},
		"buffer-crc32": {
			"version": "0.2.13",
			"resolved": "https://registry.npmjs.org/buffer-crc32/-/buffer-crc32-0.2.13.tgz",
			"integrity": "sha512-VO9Ht/+p3SN7SKWqcrgEzjGbRSJYTx+Q1pTQC0wrWqHx0vpJraQ6GtHx8tvcg1rlK1byhU5gccxgOgj7B0TDkQ==",
			"dev": true
		},
		"buffer-from": {
			"version": "1.1.1",
			"resolved": "https://registry.npmjs.org/buffer-from/-/buffer-from-1.1.1.tgz",
			"integrity": "sha512-MQcXEUbCKtEo7bhqEs6560Hyd4XaovZlO/k9V3hjVUF/zwW7KBVdSK4gIt/bzwS9MbR5qob+F5jusZsb0YQK2A==",
			"dev": true
		},
		"chownr": {
			"version": "1.1.4",
			"resolved": "https://registry.npmjs.org/chownr/-/chownr-1.1.4.tgz",
			"integrity": "sha512-jJ0bqzaylmJtVnNgzTeSOs8DPavpbYgEr/b0YL8/2GO3xJEhInFmhKMUnEJQjZumK7KXGFhUy89PrsJWlakBVg==",
			"dev": true
		},
		"color": {
			"version": "3.2.1",
			"resolved": "https://registry.npmjs.org/color/-/color-3.2.1.tgz",
			"integrity": "sha512-aBl7dZI9ENN6fUGC7mWpMTPNHmWUSNan9tuWN6ahh5ZLNk9baLJOnSMlrQkHcrfFgz2/RigjUVAjdx36VcemKA==",
			"dev": true,
			"requires": {
				"color-convert": "^1.9.3",
				"color-string": "^1.6.0"
			}
		},
		"color-convert": {
			"version": "1.9.3",
			"resolved": "https://registry.npmjs.org/color-convert/-/color-convert-1.9.3.tgz",
			"integrity": "sha512-QfAUtd+vFdAtFQcC8CCyYt1fYWxSqAiK2cSD6zDB8N3cpsEBAvRxp9zOGg6G/SHHJYAT88/az/IuDGALsNVbGg==",
			"dev": true,
			"requires": {
				"color-name": "1.1.3"
			}
		},
		"color-name": {
			"version": "1.1.3",
			"resolved": "https://registry.npmjs.org/color-name/-/color-name-1.1.3.tgz",
			"integrity": "sha1-p9BVi9icQveV3UIyj3QIMcpTvCU=",
			"dev": true
		},
		"color-string": {
			"version": "1.9.1",
			"resolved": "https://registry.npmjs.org/color-string/-/color-string-1.9.1.tgz",
			"integrity": "sha512-shrVawQFojnZv6xM40anx4CkoDP+fZsw/ZerEMsW/pyzsRbElpsL/DBVW7q3ExxwusdNXI3lXpuhEZkzs8p5Eg==",
			"dev": true,
			"requires": {
				"color-name": "^1.0.0",
				"simple-swizzle": "^0.2.2"
			}
		},
		"colorspace": {
			"version": "1.1.4",
			"resolved": "https://registry.npmjs.org/colorspace/-/colorspace-1.1.4.tgz",
			"integrity": "sha512-BgvKJiuVu1igBUF2kEjRCZXol6wiiGbY5ipL/oVPwm0BL9sIpMIzM8IK7vwuxIIzOXMV3Ey5w+vxhm0rR/TN8w==",
			"dev": true,
			"requires": {
				"color": "^3.1.3",
				"text-hex": "1.0.x"
			}
		},
		"concat-map": {
			"version": "0.0.1",
			"resolved": "https://registry.npmjs.org/concat-map/-/concat-map-0.0.1.tgz",
			"integrity": "sha1-2Klr13/Wjfd5OnMDajug1UBdR3s=",
			"dev": true
		},
		"concat-stream": {
			"version": "1.6.2",
			"resolved": "https://registry.npmjs.org/concat-stream/-/concat-stream-1.6.2.tgz",
			"integrity": "sha512-27HBghJxjiZtIk3Ycvn/4kbJk/1uZuJFfuPEns6LaEvpvG1f0hTea8lilrouyo9mVc2GWdcEZ8OLoGmSADlrCw==",
			"dev": true,
			"requires": {
				"buffer-from": "^1.0.0",
				"inherits": "^2.0.3",
				"readable-stream": "^2.2.2",
				"typedarray": "^0.0.6"
			},
			"dependencies": {
				"readable-stream": {
					"version": "2.3.7",
					"resolved": "https://registry.npmjs.org/readable-stream/-/readable-stream-2.3.7.tgz",
					"integrity": "sha512-Ebho8K4jIbHAxnuxi7o42OrZgF/ZTNcsZj6nRKyUmkhLFq8CHItp/fy6hQZuZmP/n3yZ9VBUbp4zz/mX8hmYPw==",
					"dev": true,
					"requires": {
						"core-util-is": "~1.0.0",
						"inherits": "~2.0.3",
						"isarray": "~1.0.0",
						"process-nextick-args": "~2.0.0",
						"safe-buffer": "~5.1.1",
						"string_decoder": "~1.1.1",
						"util-deprecate": "~1.0.1"
					}
				},
				"string_decoder": {
					"version": "1.1.1",
					"resolved": "https://registry.npmjs.org/string_decoder/-/string_decoder-1.1.1.tgz",
					"integrity": "sha512-n/ShnvDi6FHbbVfviro+WojiFzv+s8MPMHBczVePfUpDJLwoLT0ht1l4YwBCbi8pJAveEEdnkHyPyTP/mzRfwg==",
					"dev": true,
					"requires": {
						"safe-buffer": "~5.1.0"
					}
				}
			}
		},
		"core-util-is": {
			"version": "1.0.2",
			"resolved": "https://registry.npmjs.org/core-util-is/-/core-util-is-1.0.2.tgz",
			"integrity": "sha1-tf1UIgqivFq1eqtxQMlAdUUDwac=",
			"dev": true
		},
		"debug": {
			"version": "2.6.9",
			"resolved": "https://registry.npmjs.org/debug/-/debug-2.6.9.tgz",
			"integrity": "sha512-bC7ElrdJaJnPbAP+1EotYvqZsb3ecl5wi6Bfi6BJTUcNowp6cvspg0jXznRTKDjm/E7AdgFBVeAPVMNcKGsHMA==",
			"dev": true,
			"requires": {
				"ms": "2.0.0"
			}
		},
		"decompress-response": {
			"version": "4.2.1",
			"resolved": "https://registry.npmjs.org/decompress-response/-/decompress-response-4.2.1.tgz",
			"integrity": "sha512-jOSne2qbyE+/r8G1VU+G/82LBs2Fs4LAsTiLSHOCOMZQl2OKZ6i8i4IyHemTe+/yIXOtTcRQMzPcgyhoFlqPkw==",
			"dev": true,
			"requires": {
				"mimic-response": "^2.0.0"
			}
		},
		"dotenv": {
			"version": "8.6.0",
			"resolved": "https://registry.npmjs.org/dotenv/-/dotenv-8.6.0.tgz",
			"integrity": "sha512-IrPdXQsk2BbzvCBGBOTmmSH5SodmqZNt4ERAZDmW4CT+tL8VtvinqywuANaFu4bOMWki16nqf0e4oC0QIaDr/g==",
			"dev": true
		},
		"enabled": {
			"version": "2.0.0",
			"resolved": "https://registry.npmjs.org/enabled/-/enabled-2.0.0.tgz",
			"integrity": "sha512-AKrN98kuwOzMIdAizXGI86UFBoo26CL21UM763y1h/GMSJ4/OHU9k2YlsmBpyScFo/wbLzWQJBMCW4+IO3/+OQ==",
			"dev": true
		},
		"extract-zip": {
			"version": "1.7.0",
			"resolved": "https://registry.npmjs.org/extract-zip/-/extract-zip-1.7.0.tgz",
			"integrity": "sha512-xoh5G1W/PB0/27lXgMQyIhP5DSY/LhoCsOyZgb+6iMmRtCwVBo55uKaMoEYrDCKQhWvqEip5ZPKAc6eFNyf/MA==",
			"dev": true,
			"requires": {
				"concat-stream": "^1.6.2",
				"debug": "^2.6.9",
				"mkdirp": "^0.5.4",
				"yauzl": "^2.10.0"
			},
			"dependencies": {
				"minimist": {
					"version": "1.2.7",
					"resolved": "https://registry.npmjs.org/minimist/-/minimist-1.2.7.tgz",
					"integrity": "sha512-bzfL1YUZsP41gmu/qjrEk0Q6i2ix/cVeAhbCbqH9u3zYutS1cLg00qhrD0M2MVdCcx4Sc0UpP2eBWo9rotpq6g==",
					"dev": true
				},
				"mkdirp": {
					"version": "0.5.6",
					"resolved": "https://registry.npmjs.org/mkdirp/-/mkdirp-0.5.6.tgz",
					"integrity": "sha512-FP+p8RB8OWpF3YZBCrP5gtADmtXApB5AMLn+vdyA+PyxCjrCs00mjyUozssO33cwDeT3wNGdLxJ5M//YqtHAJw==",
					"dev": true,
					"requires": {
						"minimist": "^1.2.6"
					}
				}
			}
		},
		"fd-slicer": {
			"version": "1.1.0",
			"resolved": "https://registry.npmjs.org/fd-slicer/-/fd-slicer-1.1.0.tgz",
			"integrity": "sha512-cE1qsB/VwyQozZ+q1dGxR8LBYNZeofhEdUNGSMbQD3Gw2lAzX9Zb3uIU6Ebc/Fmyjo9AWWfnn0AUCHqtevs/8g==",
			"dev": true,
			"requires": {
				"pend": "~1.2.0"
			}
		},
		"fecha": {
			"version": "4.2.3",
			"resolved": "https://registry.npmjs.org/fecha/-/fecha-4.2.3.tgz",
			"integrity": "sha512-OP2IUU6HeYKJi3i0z4A19kHMQoLVs4Hc+DPqqxI2h/DPZHTm/vjsfC6P0b4jCMy14XizLBqvndQ+UilD7707Jw==",
			"dev": true
		},
		"fn.name": {
			"version": "1.1.0",
			"resolved": "https://registry.npmjs.org/fn.name/-/fn.name-1.1.0.tgz",
			"integrity": "sha512-GRnmB5gPyJpAhTQdSZTSp9uaPSvl09KoYcMQtsB9rQoOmzs9dH6ffeccH+Z+cv6P68Hu5bC6JjRh4Ah/mHSNRw==",
			"dev": true
		},
		"fs-extra": {
			"version": "8.1.0",
			"resolved": "https://registry.npmjs.org/fs-extra/-/fs-extra-8.1.0.tgz",
			"integrity": "sha512-yhlQgA6mnOJUKOsRUFsgJdQCvkKhcz8tlZG5HBQfReYZy46OwLcY+Zia0mtdHsOo9y/hP+CxMN0TU9QxoOtG4g==",
			"dev": true,
			"requires": {
				"graceful-fs": "^4.2.0",
				"jsonfile": "^4.0.0",
				"universalify": "^0.1.0"
			}
		},
		"fs-minipass": {
			"version": "2.1.0",
			"resolved": "https://registry.npmjs.org/fs-minipass/-/fs-minipass-2.1.0.tgz",
			"integrity": "sha512-V/JgOLFCS+R6Vcq0slCuaeWEdNC3ouDlJMNIsacH2VtALiu9mV4LPrHc5cDl8k5aw6J8jwgWWpiTo5RYhmIzvg==",
			"dev": true,
			"requires": {
				"minipass": "^3.0.0"
			}
		},
		"fs.realpath": {
			"version": "1.0.0",
			"resolved": "https://registry.npmjs.org/fs.realpath/-/fs.realpath-1.0.0.tgz",
			"integrity": "sha1-FQStJSMVjKpA20onh8sBQRmU6k8=",
			"dev": true
		},
		"glob": {
			"version": "7.1.6",
			"resolved": "https://registry.npmjs.org/glob/-/glob-7.1.6.tgz",
			"integrity": "sha512-LwaxwyZ72Lk7vZINtNNrywX0ZuLyStrdDtabefZKAY5ZGJhVtgdznluResxNmPitE0SAO+O26sWTHeKSI2wMBA==",
			"dev": true,
			"requires": {
				"fs.realpath": "^1.0.0",
				"inflight": "^1.0.4",
				"inherits": "2",
				"minimatch": "^3.0.4",
				"once": "^1.3.0",
				"path-is-absolute": "^1.0.0"
			}
		},
		"graceful-fs": {
			"version": "4.2.3",
			"resolved": "https://registry.npmjs.org/graceful-fs/-/graceful-fs-4.2.3.tgz",
			"integrity": "sha512-a30VEBm4PEdx1dRB7MFK7BejejvCvBronbLjht+sHuGYj8PHs7M/5Z+rt5lw551vZ7yfTCj4Vuyy3mSJytDWRQ==",
			"dev": true
		},
		"https-proxy-agent": {
			"version": "4.0.0",
			"resolved": "https://registry.npmjs.org/https-proxy-agent/-/https-proxy-agent-4.0.0.tgz",
			"integrity": "sha512-zoDhWrkR3of1l9QAL8/scJZyLu8j/gBkcwcaQOZh7Gyh/+uJQzGVETdgT30akuwkpL8HTRfssqI3BZuV18teDg==",
			"dev": true,
			"requires": {
				"agent-base": "5",
				"debug": "4"
			},
			"dependencies": {
				"debug": {
					"version": "4.3.4",
					"resolved": "https://registry.npmjs.org/debug/-/debug-4.3.4.tgz",
					"integrity": "sha512-PRWFHuSU3eDtQJPvnNY7Jcket1j0t5OuOsFzPPzsekD52Zl8qUfFIPEiswXqIvHWGVHOgX+7G/vCNNhehwxfkQ==",
					"dev": true,
					"requires": {
						"ms": "2.1.2"
					}
				},
				"ms": {
					"version": "2.1.2",
					"resolved": "https://registry.npmjs.org/ms/-/ms-2.1.2.tgz",
					"integrity": "sha512-sGkPx+VjMtmA6MX27oA4FBFELFCZZ4S4XqeGOXCv68tT+jb3vk/RyaKWP0PTKyWtmLSM0b+adUTEvbs1PEaH2w==",
					"dev": true
				}
			}
		},
		"inflight": {
			"version": "1.0.6",
			"resolved": "https://registry.npmjs.org/inflight/-/inflight-1.0.6.tgz",
			"integrity": "sha1-Sb1jMdfQLQwJvJEKEHW6gWW1bfk=",
			"dev": true,
			"requires": {
				"once": "^1.3.0",
				"wrappy": "1"
			}
		},
		"inherits": {
			"version": "2.0.4",
			"resolved": "https://registry.npmjs.org/inherits/-/inherits-2.0.4.tgz",
			"integrity": "sha512-k/vGaX4/Yla3WzyMCvTQOXYeIHvqOKtnqBduzTHpzpQZzAskKMhZ2K+EnBiSM9zGSoIFeMpXKxa4dYeZIQqewQ==",
			"dev": true
		},
		"isarray": {
			"version": "1.0.0",
			"resolved": "https://registry.npmjs.org/isarray/-/isarray-1.0.0.tgz",
			"integrity": "sha1-u5NdSFgsuhaMBoNJV6VKPgcSTxE=",
			"dev": true
		},
		"jsonfile": {
			"version": "4.0.0",
			"resolved": "https://registry.npmjs.org/jsonfile/-/jsonfile-4.0.0.tgz",
			"integrity": "sha512-m6F1R3z8jjlf2imQHS2Qez5sjKWQzbuuhuJ/FKYFRZvPE3PuHcSMVZzfsLhGVOkfd20obL5SWEBew5ShlquNxg==",
			"dev": true,
			"requires": {
				"graceful-fs": "^4.1.6"
			}
		},
		"kuler": {
			"version": "2.0.0",
			"resolved": "https://registry.npmjs.org/kuler/-/kuler-2.0.0.tgz",
			"integrity": "sha512-Xq9nH7KlWZmXAtodXDDRE7vs6DU1gTU8zYDHDiWLSip45Egwq3plLHzPn27NgvzL2r1LMPC1vdqh98sQxtqj4A==",
			"dev": true
		},
		"lodash": {
			"version": "4.17.15",
			"resolved": "https://registry.npmjs.org/lodash/-/lodash-4.17.15.tgz",
			"integrity": "sha512-8xOcRHvCjnocdS5cpwXQXVzmmh5e5+saE2QGoeQmbKmRS6J3VQppPOIt0MnmE+4xlZoumy0GPG0D0MVIQbNA1A==",
			"dev": true
		},
		"logform": {
			"version": "2.4.2",
			"resolved": "https://registry.npmjs.org/logform/-/logform-2.4.2.tgz",
			"integrity": "sha512-W4c9himeAwXEdZ05dQNerhFz2XG80P9Oj0loPUMV23VC2it0orMHQhJm4hdnnor3rd1HsGf6a2lPwBM1zeXHGw==",
			"dev": true,
			"requires": {
				"@colors/colors": "1.5.0",
				"fecha": "^4.2.0",
				"ms": "^2.1.1",
				"safe-stable-stringify": "^2.3.1",
				"triple-beam": "^1.3.0"
			},
			"dependencies": {
				"ms": {
					"version": "2.1.3",
					"resolved": "https://registry.npmjs.org/ms/-/ms-2.1.3.tgz",
					"integrity": "sha512-6FlzubTLZG3J2a/NVCAleEhjzq5oxgHyaCU9yYXvcLsvoVaHJq/s5xXI6/XXP6tz7R9xAOtHnSO/tXtF3WRTlA==",
					"dev": true
				}
			}
		},
		"mime": {
			"version": "2.6.0",
			"resolved": "https://registry.npmjs.org/mime/-/mime-2.6.0.tgz",
			"integrity": "sha512-USPkMeET31rOMiarsBNIHZKLGgvKc/LrjofAnBlOttf5ajRvqiRA8QsenbcooctK6d6Ts6aqZXBA+XbkKthiQg==",
			"dev": true
		},
		"mime-db": {
			"version": "1.42.0",
			"resolved": "https://registry.npmjs.org/mime-db/-/mime-db-1.42.0.tgz",
			"integrity": "sha512-UbfJCR4UAVRNgMpfImz05smAXK7+c+ZntjaA26ANtkXLlOe947Aag5zdIcKQULAiF9Cq4WxBi9jUs5zkA84bYQ==",
			"dev": true
		},
		"mime-types": {
			"version": "2.1.25",
			"resolved": "https://registry.npmjs.org/mime-types/-/mime-types-2.1.25.tgz",
			"integrity": "sha512-5KhStqB5xpTAeGqKBAMgwaYMnQik7teQN4IAzC7npDv6kzeU6prfkR67bc87J1kWMPGkoaZSq1npmexMgkmEVg==",
			"dev": true,
			"requires": {
				"mime-db": "1.42.0"
			}
		},
		"mimic-response": {
			"version": "2.1.0",
			"resolved": "https://registry.npmjs.org/mimic-response/-/mimic-response-2.1.0.tgz",
			"integrity": "sha512-wXqjST+SLt7R009ySCglWBCFpjUygmCIfD790/kVbiGmUgfYGuB14PiTd5DwVxSV4NcYHjzMkoj5LjQZwTQLEA==",
			"dev": true
		},
		"minimatch": {
			"version": "3.0.4",
			"resolved": "https://registry.npmjs.org/minimatch/-/minimatch-3.0.4.tgz",
			"integrity": "sha512-yJHVQEhyqPLUTgt9B83PXu6W3rx4MvvHvSUvToogpwoGDOUQ+yDrR0HRot+yOCdCO7u4hX3pWft6kWBBcqh0UA==",
			"dev": true,
			"requires": {
				"brace-expansion": "^1.1.7"
			}
		},
		"minipass": {
			"version": "3.3.6",
			"resolved": "https://registry.npmjs.org/minipass/-/minipass-3.3.6.tgz",
			"integrity": "sha512-DxiNidxSEK+tHG6zOIklvNOwm3hvCrbUrdtzY74U6HKTJxvIDfOUL5W5P2Ghd3DTkhhKPYGqeNUIh5qcM4YBfw==",
			"dev": true,
			"requires": {
				"yallist": "^4.0.0"
			}
		},
		"minizlib": {
			"version": "2.1.2",
			"resolved": "https://registry.npmjs.org/minizlib/-/minizlib-2.1.2.tgz",
			"integrity": "sha512-bAxsR8BVfj60DWXHE3u30oHzfl4G7khkSuPW+qvpd7jFRHm7dLxOjUk1EHACJ/hxLY8phGJ0YhYHZo7jil7Qdg==",
			"dev": true,
			"requires": {
				"minipass": "^3.0.0",
				"yallist": "^4.0.0"
			}
		},
		"mitt": {
			"version": "1.2.0",
			"resolved": "https://registry.npmjs.org/mitt/-/mitt-1.2.0.tgz",
			"integrity": "sha512-r6lj77KlwqLhIUku9UWYes7KJtsczvolZkzp8hbaDPPaE24OmWl5s539Mytlj22siEQKosZ26qCBgda2PKwoJw==",
			"dev": true
		},
		"ms": {
			"version": "2.0.0",
			"resolved": "https://registry.npmjs.org/ms/-/ms-2.0.0.tgz",
			"integrity": "sha1-VgiurfwAvmwpAd9fmGF4jeDVl8g=",
			"dev": true
		},
		"once": {
			"version": "1.4.0",
			"resolved": "https://registry.npmjs.org/once/-/once-1.4.0.tgz",
			"integrity": "sha1-WDsap3WWHUsROsF9nFC6753Xa9E=",
			"dev": true,
			"requires": {
				"wrappy": "1"
			}
		},
		"one-time": {
			"version": "1.0.0",
			"resolved": "https://registry.npmjs.org/one-time/-/one-time-1.0.0.tgz",
			"integrity": "sha512-5DXOiRKwuSEcQ/l0kGCF6Q3jcADFv5tSmRaJck/OqkVFcOzutB134KRSfF0xDrL39MNnqxbHBbUUcjZIhTgb2g==",
			"dev": true,
			"requires": {
				"fn.name": "1.x.x"
			}
		},
		"pako": {
			"version": "1.0.11",
			"resolved": "https://registry.npmjs.org/pako/-/pako-1.0.11.tgz",
			"integrity": "sha512-4hLB8Py4zZce5s4yd9XzopqwVv/yGNhV1Bl8NTmCq1763HeK2+EwVTv+leGeL13Dnh2wfbqowVPXCIO0z4taYw==",
			"dev": true
		},
		"path-is-absolute": {
			"version": "1.0.1",
			"resolved": "https://registry.npmjs.org/path-is-absolute/-/path-is-absolute-1.0.1.tgz",
			"integrity": "sha1-F0uSaHNVNP+8es5r9TpanhtcX18=",
			"dev": true
		},
		"pend": {
			"version": "1.2.0",
			"resolved": "https://registry.npmjs.org/pend/-/pend-1.2.0.tgz",
			"integrity": "sha512-F3asv42UuXchdzt+xXqfW1OGlVBe+mxa2mqI0pg5yAHZPvFmY3Y6drSf/GQ1A86WgWEN9Kzh/WrgKa6iGcHXLg==",
			"dev": true
		},
		"process-nextick-args": {
			"version": "2.0.1",
			"resolved": "https://registry.npmjs.org/process-nextick-args/-/process-nextick-args-2.0.1.tgz",
			"integrity": "sha512-3ouUOpQhtgrbOa17J7+uxOTpITYWaGP7/AhoR3+A+/1e9skrzelGi/dXzEYyvbxubEF6Wn2ypscTKiKJFFn1ag==",
			"dev": true
		},
		"progress": {
			"version": "2.0.3",
			"resolved": "https://registry.npmjs.org/progress/-/progress-2.0.3.tgz",
			"integrity": "sha512-7PiHtLll5LdnKIMw100I+8xJXR5gW2QwWYkT6iJva0bXitZKa/XMrSbdmg3r2Xnaidz9Qumd0VPaMrZlF9V9sA==",
			"dev": true
		},
		"proxy-from-env": {
			"version": "1.1.0",
			"resolved": "https://registry.npmjs.org/proxy-from-env/-/proxy-from-env-1.1.0.tgz",
			"integrity": "sha512-D+zkORCbA9f1tdWRK0RaCR3GPv50cMxcrz4X8k5LTSUD1Dkw47mKJEZQNunItRTkWwgtaUSo1RVFRIG9ZXiFYg==",
			"dev": true
		},
		"puppeteer": {
			"version": "2.1.1",
			"resolved": "https://registry.npmjs.org/puppeteer/-/puppeteer-2.1.1.tgz",
			"integrity": "sha512-LWzaDVQkk1EPiuYeTOj+CZRIjda4k2s5w4MK4xoH2+kgWV/SDlkYHmxatDdtYrciHUKSXTsGgPgPP8ILVdBsxg==",
			"dev": true,
			"requires": {
				"@types/mime-types": "^2.1.0",
				"debug": "^4.1.0",
				"extract-zip": "^1.6.6",
				"https-proxy-agent": "^4.0.0",
				"mime": "^2.0.3",
				"mime-types": "^2.1.25",
				"progress": "^2.0.1",
				"proxy-from-env": "^1.0.0",
				"rimraf": "^2.6.1",
				"ws": "^6.1.0"
			},
			"dependencies": {
				"debug": {
					"version": "4.3.4",
					"resolved": "https://registry.npmjs.org/debug/-/debug-4.3.4.tgz",
					"integrity": "sha512-PRWFHuSU3eDtQJPvnNY7Jcket1j0t5OuOsFzPPzsekD52Zl8qUfFIPEiswXqIvHWGVHOgX+7G/vCNNhehwxfkQ==",
					"dev": true,
					"requires": {
						"ms": "2.1.2"
					}
				},
				"ms": {
					"version": "2.1.2",
					"resolved": "https://registry.npmjs.org/ms/-/ms-2.1.2.tgz",
					"integrity": "sha512-sGkPx+VjMtmA6MX27oA4FBFELFCZZ4S4XqeGOXCv68tT+jb3vk/RyaKWP0PTKyWtmLSM0b+adUTEvbs1PEaH2w==",
					"dev": true
				},
				"ws": {
					"version": "6.2.2",
					"resolved": "https://registry.npmjs.org/ws/-/ws-6.2.2.tgz",
					"integrity": "sha512-zmhltoSR8u1cnDsD43TX59mzoMZsLKqUweyYBAIvTngR3shc0W6aOZylZmq/7hqyVxPdi+5Ud2QInblgyE72fw==",
					"dev": true,
					"requires": {
						"async-limiter": "~1.0.0"
					}
				}
			}
		},
		"readable-stream": {
			"version": "3.6.0",
			"resolved": "https://registry.npmjs.org/readable-stream/-/readable-stream-3.6.0.tgz",
			"integrity": "sha512-BViHy7LKeTz4oNnkcLJ+lVSL6vpiFeX6/d3oSH8zCW7UxP2onchk+vTGB143xuFjHS3deTgkKoXXymXqymiIdA==",
			"dev": true,
			"requires": {
				"inherits": "^2.0.3",
				"string_decoder": "^1.1.1",
				"util-deprecate": "^1.0.1"
			}
		},
		"rimraf": {
			"version": "2.7.1",
			"resolved": "https://registry.npmjs.org/rimraf/-/rimraf-2.7.1.tgz",
			"integrity": "sha512-uWjbaKIK3T1OSVptzX7Nl6PvQ3qAGtKEtVRjRuazjfL3Bx5eI409VZSqgND+4UNnmzLVdPj9FqFJNPqBZFve4w==",
			"dev": true,
			"requires": {
				"glob": "^7.1.3"
			}
		},
		"rrweb": {
			"version": "0.7.33",
			"resolved": "https://registry.npmjs.org/rrweb/-/rrweb-0.7.33.tgz",
			"integrity": "sha512-TJIkNlejmyBScUbnBRCzeSgRFANx2dX0kGRZLeWKz6ZkSbWs4UhWv0DuRHEPSXH4/BV1b4PVtKBOMsY9wvm0jg==",
			"dev": true,
			"requires": {
				"@types/smoothscroll-polyfill": "^0.3.0",
				"mitt": "^1.1.3",
				"pako": "^1.0.11",
				"rrweb-snapshot": "^0.7.26",
				"smoothscroll-polyfill": "^0.4.3"
			}
		},
		"rrweb-snapshot": {
			"version": "0.7.29",
			"resolved": "https://registry.npmjs.org/rrweb-snapshot/-/rrweb-snapshot-0.7.29.tgz",
			"integrity": "sha512-OYbN90yxgJREDPoECb3ohAuENja+4yzWQUscJNalRYewaqHTTYzBP3plLR/drgXHK+z9u6gX+uzZZ9A1gNFRNQ==",
			"dev": true
		},
		"safe-buffer": {
			"version": "5.1.2",
			"resolved": "https://registry.npmjs.org/safe-buffer/-/safe-buffer-5.1.2.tgz",
			"integrity": "sha512-Gd2UZBJDkXlY7GbJxfsE8/nvKkUEU1G38c1siN6QP6a9PT9MmHB8GnpscSmMJSoF8LOIrt8ud/wPtojys4G6+g==",
			"dev": true
		},
		"safe-stable-stringify": {
			"version": "2.4.2",
			"resolved": "https://registry.npmjs.org/safe-stable-stringify/-/safe-stable-stringify-2.4.2.tgz",
			"integrity": "sha512-gMxvPJYhP0O9n2pvcfYfIuYgbledAOJFcqRThtPRmjscaipiwcwPPKLytpVzMkG2HAN87Qmo2d4PtGiri1dSLA==",
			"dev": true
		},
		"simple-concat": {
			"version": "1.0.1",
			"resolved": "https://registry.npmjs.org/simple-concat/-/simple-concat-1.0.1.tgz",
			"integrity": "sha512-cSFtAPtRhljv69IK0hTVZQ+OfE9nePi/rtJmw5UjHeVyVroEqJXP1sFztKUy1qU+xvz3u/sfYJLa947b7nAN2Q==",
			"dev": true
		},
		"simple-get": {
			"version": "3.1.1",
			"resolved": "https://registry.npmjs.org/simple-get/-/simple-get-3.1.1.tgz",
			"integrity": "sha512-CQ5LTKGfCpvE1K0n2us+kuMPbk/q0EKl82s4aheV9oXjFEz6W/Y7oQFVJuU6QG77hRT4Ghb5RURteF5vnWjupA==",
			"dev": true,
			"requires": {
				"decompress-response": "^4.2.0",
				"once": "^1.3.1",
				"simple-concat": "^1.0.0"
			}
		},
		"simple-swizzle": {
			"version": "0.2.2",
			"resolved": "https://registry.npmjs.org/simple-swizzle/-/simple-swizzle-0.2.2.tgz",
			"integrity": "sha512-JA//kQgZtbuY83m+xT+tXJkmJncGMTFT+C+g2h2R9uxkYIrE2yy9sgmcLhCnw57/WSD+Eh3J97FPEDFnbXnDUg==",
			"dev": true,
			"requires": {
				"is-arrayish": "^0.3.1"
			},
			"dependencies": {
				"is-arrayish": {
					"version": "0.3.2",
					"resolved": "https://registry.npmjs.org/is-arrayish/-/is-arrayish-0.3.2.tgz",
					"integrity": "sha512-eVRqCvVlZbuw3GrM63ovNSNAeA1K16kaR/LRY/92w0zxQ5/1YzwblUX652i4Xs9RwAGjW9d9y6X88t8OaAJfWQ==",
					"dev": true
				}
			}
		},
		"smoothscroll-polyfill": {
			"version": "0.4.4",
			"resolved": "https://registry.npmjs.org/smoothscroll-polyfill/-/smoothscroll-polyfill-0.4.4.tgz",
			"integrity": "sha512-TK5ZA9U5RqCwMpfoMq/l1mrH0JAR7y7KRvOBx0n2869aLxch+gT9GhN3yUfjiw+d/DiF1mKo14+hd62JyMmoBg==",
			"dev": true
		},
		"stack-trace": {
			"version": "0.0.10",
			"resolved": "https://registry.npmjs.org/stack-trace/-/stack-trace-0.0.10.tgz",
			"integrity": "sha512-KGzahc7puUKkzyMt+IqAep+TVNbKP+k2Lmwhub39m1AsTSkaDutx56aDCo+HLDzf/D26BIHTJWNiTG1KAJiQCg==",
			"dev": true
		},
		"string_decoder": {
			"version": "1.3.0",
			"resolved": "https://registry.npmjs.org/string_decoder/-/string_decoder-1.3.0.tgz",
			"integrity": "sha512-hkRX8U1WjJFd8LsDJ2yQ/wWWxaopEsABU1XfkM8A+j0+85JAGppt16cr1Whg6KIbb4okU6Mql6BOj+uup/wKeA==",
			"dev": true,
			"requires": {
				"safe-buffer": "~5.2.0"
			},
			"dependencies": {
				"safe-buffer": {
					"version": "5.2.1",
					"resolved": "https://registry.npmjs.org/safe-buffer/-/safe-buffer-5.2.1.tgz",
					"integrity": "sha512-rp3So07KcdmmKbGvgaNxQSJr7bGVSVk5S9Eq1F+ppbRo70+YeaDxkw5Dd8NPN+GD6bjnYm2VuPuCXmpuYvmCXQ==",
					"dev": true
				}
			}
		},
		"tar": {
			"version": "5.0.11",
			"resolved": "https://registry.npmjs.org/tar/-/tar-5.0.11.tgz",
			"integrity": "sha512-E6q48d5y4XSCD+Xmwc0yc8lXuyDK38E0FB8N4S/drQRtXOMUhfhDxbB0xr2KKDhNfO51CFmoa6Oz00nAkWsjnA==",
			"dev": true,
			"requires": {
				"chownr": "^1.1.4",
				"fs-minipass": "^2.1.0",
				"minipass": "^3.1.3",
				"minizlib": "^2.1.2",
				"mkdirp": "^0.5.5",
				"yallist": "^4.0.0"
			},
			"dependencies": {
				"minimist": {
					"version": "1.2.7",
					"resolved": "https://registry.npmjs.org/minimist/-/minimist-1.2.7.tgz",
					"integrity": "sha512-bzfL1YUZsP41gmu/qjrEk0Q6i2ix/cVeAhbCbqH9u3zYutS1cLg00qhrD0M2MVdCcx4Sc0UpP2eBWo9rotpq6g==",
					"dev": true
				},
				"mkdirp": {
					"version": "0.5.6",
					"resolved": "https://registry.npmjs.org/mkdirp/-/mkdirp-0.5.6.tgz",
					"integrity": "sha512-FP+p8RB8OWpF3YZBCrP5gtADmtXApB5AMLn+vdyA+PyxCjrCs00mjyUozssO33cwDeT3wNGdLxJ5M//YqtHAJw==",
					"dev": true,
					"requires": {
						"minimist": "^1.2.6"
					}
				}
			}
		},
		"text-hex": {
			"version": "1.0.0",
			"resolved": "https://registry.npmjs.org/text-hex/-/text-hex-1.0.0.tgz",
			"integrity": "sha512-uuVGNWzgJ4yhRaNSiubPY7OjISw4sw4E5Uv0wbjp+OzcbmVU/rsT8ujgcXJhn9ypzsgr5vlzpPqP+MBBKcGvbg==",
			"dev": true
		},
		"triple-beam": {
			"version": "1.3.0",
			"resolved": "https://registry.npmjs.org/triple-beam/-/triple-beam-1.3.0.tgz",
			"integrity": "sha512-XrHUvV5HpdLmIj4uVMxHggLbFSZYIn7HEWsqePZcI50pco+MPqJ50wMGY794X7AOOhxOBAjbkqfAbEe/QMp2Lw==",
			"dev": true
		},
		"typedarray": {
			"version": "0.0.6",
			"resolved": "https://registry.npmjs.org/typedarray/-/typedarray-0.0.6.tgz",
			"integrity": "sha512-/aCDEGatGvZ2BIk+HmLf4ifCJFwvKFNb9/JeZPMulfgFracn9QFcAf5GO8B/mweUjSoblS5In0cWhqpfs/5PQA==",
			"dev": true
		},
		"universalify": {
			"version": "0.1.2",
			"resolved": "https://registry.npmjs.org/universalify/-/universalify-0.1.2.tgz",
			"integrity": "sha512-rBJeI5CXAlmy1pV+617WB9J63U6XcazHHF2f2dbJix4XzpUF0RS3Zbj0FGIOCAva5P/d/GBOYaACQ1w+0azUkg==",
			"dev": true
		},
		"util-deprecate": {
			"version": "1.0.2",
			"resolved": "https://registry.npmjs.org/util-deprecate/-/util-deprecate-1.0.2.tgz",
			"integrity": "sha512-EPD5q1uXyFxJpCrLnCc1nHnq3gOa6DZBocAIiI2TaSCA7VCJ1UJDMagCzIkXNsUYfD1daK//LTEQ8xiIbrHtcw==",
			"dev": true
		},
		"void-elements": {
			"version": "1.0.0",
			"resolved": "https://registry.npmjs.org/void-elements/-/void-elements-1.0.0.tgz",
			"integrity": "sha512-Ypv2nBd59g63ouzrZaojQXHdRbnLhT1uuZtEXISmymV3MSiA5Qdwn4YxDlhBZoCYTninng14Y2J7pSrg9zq1/g==",
			"dev": true
		},
		"winston": {
			"version": "3.8.2",
			"resolved": "https://registry.npmjs.org/winston/-/winston-3.8.2.tgz",
			"integrity": "sha512-MsE1gRx1m5jdTTO9Ld/vND4krP2To+lgDoMEHGGa4HIlAUyXJtfc7CxQcGXVyz2IBpw5hbFkj2b/AtUdQwyRew==",
			"dev": true,
			"requires": {
				"@colors/colors": "1.5.0",
				"@dabh/diagnostics": "^2.0.2",
				"async": "^3.2.3",
				"is-stream": "^2.0.0",
				"logform": "^2.4.0",
				"one-time": "^1.0.0",
				"readable-stream": "^3.4.0",
				"safe-stable-stringify": "^2.3.1",
				"stack-trace": "0.0.x",
				"triple-beam": "^1.3.0",
				"winston-transport": "^4.5.0"
			},
			"dependencies": {
				"is-stream": {
					"version": "2.0.1",
					"resolved": "https://registry.npmjs.org/is-stream/-/is-stream-2.0.1.tgz",
					"integrity": "sha512-hFoiJiTl63nn+kstHGBtewWSKnQLpyb155KHheA1l39uvtO9nWIop1p3udqPcUd/xbF1VLMO4n7OI6p7RbngDg==",
					"dev": true
				}
			}
		},
		"winston-transport": {
			"version": "4.5.0",
			"resolved": "https://registry.npmjs.org/winston-transport/-/winston-transport-4.5.0.tgz",
			"integrity": "sha512-YpZzcUzBedhlTAfJg6vJDlyEai/IFMIVcaEZZyl3UXIl4gmqRpU7AE89AHLkbzLUsv0NVmw7ts+iztqKxxPW1Q==",
			"dev": true,
			"requires": {
				"logform": "^2.3.2",
				"readable-stream": "^3.6.0",
				"triple-beam": "^1.3.0"
			}
		},
		"wrappy": {
			"version": "1.0.2",
			"resolved": "https://registry.npmjs.org/wrappy/-/wrappy-1.0.2.tgz",
			"integrity": "sha1-tSQ9jz7BqjXxNkYFvA0QNuMKtp8=",
			"dev": true
		},
		"yallist": {
			"version": "4.0.0",
			"resolved": "https://registry.npmjs.org/yallist/-/yallist-4.0.0.tgz",
			"integrity": "sha512-3wdGidZyq5PB084XLES5TpOSRA3wjXAlIWMhum2kRcv/41Sn2emQ0dycQW4uZXLejwKvg6EsvbdlVL+FYEct7A==",
			"dev": true
		},
		"yauzl": {
			"version": "2.10.0",
			"resolved": "https://registry.npmjs.org/yauzl/-/yauzl-2.10.0.tgz",
			"integrity": "sha512-p4a9I6X6nu6IhoGmBqAcbJy1mlC4j27vEPZX9F4L4/vZT3Lyq1VkFHw/V/PUcB9Buo+DG3iHkT0x3Qya58zc3g==",
			"dev": true,
			"requires": {
				"buffer-crc32": "~0.2.3",
				"fd-slicer": "~1.1.0"
			}
		}
	}
}
