{
	"name": "@qawolf/build-code",
	"version": "0.8.2",
	"lockfileVersion": 1,
	"requires": true,
	"dependencies": {
		"@jperl/html-parse-stringify": {
			"version": "1.0.4",
			"resolved": "https://registry.npmjs.org/@jperl/html-parse-stringify/-/html-parse-stringify-1.0.4.tgz",
			"integrity": "sha512-6fxKwqhGB0ByV+na6KOKNkphI5aitVvSp6sYoLbOdL3QsPAWnw26CuSSMPj1t8ElJXJker+HfWfhjZVC7MLTKw==",
			"requires": {
				"void-elements": "^1.0.0"
			}
		},
		"@qawolf/config": {
			"version": "0.8.3",
			"resolved": "https://registry.npmjs.org/@qawolf/config/-/config-0.8.3.tgz",
			"integrity": "sha512-jl1bSlh9KuLN4rlR1dKZYgdWFyWR05bHnHBwGTDyR3dQXbEuTgJXCiK25hjvQKeNznkIkwq3/aVadXYlVjxX1g==",
			"requires": {
				"dotenv": "^8.1.0",
				"fs-extra": "^8.1.0"
			}
		},
		"@qawolf/fixtures": {
			"version": "1.19.0",
			"resolved": "https://registry.npmjs.org/@qawolf/fixtures/-/fixtures-1.19.0.tgz",
			"integrity": "sha512-eZ+RiCeppd//H2RNhgwYwqpkDbxQdWwmxUXJi6uR8ktQvp5yi0MYB+ecHkJYSizxRDAqLFNhW7imlAvjq3Z3ug==",
			"dev": true,
			"requires": {
				"fs-extra": "^8.1.0"
			}
		},
		"@qawolf/types": {
			"version": "0.8.2",
			"resolved": "https://registry.npmjs.org/@qawolf/types/-/types-0.8.2.tgz",
			"integrity": "sha512-qjiLF7U/5HEQoFr3tpaJHcjLA5TppPptCNtrJSaX2xIhfoaTBrr9/F9wpTGXcsq/7DNer01wG6TL7ZM+SiEdgQ==",
			"dev": true
		},
		"@qawolf/web": {
			"version": "0.8.2",
			"resolved": "https://registry.npmjs.org/@qawolf/web/-/web-0.8.2.tgz",
			"integrity": "sha512-K3SOVvwu21fPFDYdKYnNq1wUHb2HHQK22TuJOoog1uIHmio7L5cW84tKjq0B4TxYqleYCsAS2lyUpRWX62O6fg==",
			"requires": {
				"@jperl/html-parse-stringify": "1.0.4"
			}
		},
		"dotenv": {
			"version": "8.2.0",
			"resolved": "https://registry.npmjs.org/dotenv/-/dotenv-8.2.0.tgz",
			"integrity": "sha512-8sJ78ElpbDJBHNeBzUbUVLsqKdccaa/BXF1uPTw3GrvQTBgrQrtObr2mUrE38vzYd8cEv+m/JBfDLioYcfXoaw=="
		},
		"fs-extra": {
			"version": "8.1.0",
			"resolved": "https://registry.npmjs.org/fs-extra/-/fs-extra-8.1.0.tgz",
			"integrity": "sha512-yhlQgA6mnOJUKOsRUFsgJdQCvkKhcz8tlZG5HBQfReYZy46OwLcY+Zia0mtdHsOo9y/hP+CxMN0TU9QxoOtG4g==",
			"requires": {
				"graceful-fs": "^4.2.0",
				"jsonfile": "^4.0.0",
				"universalify": "^0.1.0"
			}
		},
		"graceful-fs": {
			"version": "4.2.2",
			"resolved": "https://registry.npmjs.org/graceful-fs/-/graceful-fs-4.2.2.tgz",
			"integrity": "sha512-IItsdsea19BoLC7ELy13q1iJFNmd7ofZH5+X/pJr90/nRoPEX0DJo1dHDbgtYWOhJhcCgMDTOw84RZ72q6lB+Q=="
		},
		"handlebars": {
			"version": "4.5.3",
			"resolved": "https://registry.npmjs.org/handlebars/-/handlebars-4.5.3.tgz",
			"integrity": "sha512-3yPecJoJHK/4c6aZhSvxOyG4vJKDshV36VHp0iVCDVh7o9w2vwi3NSnL2MMPj3YdduqaBcu7cGbggJQM0br9xA==",
			"requires": {
				"neo-async": "^2.6.0",
				"optimist": "^0.6.1",
				"source-map": "^0.6.1",
				"uglify-js": "^3.1.4"
			}
		},
		"jsonfile": {
			"version": "4.0.0",
			"resolved": "https://registry.npmjs.org/jsonfile/-/jsonfile-4.0.0.tgz",
			"integrity": "sha1-h3Gq4HmbZAdrdmQPygWPnBDjPss=",
			"requires": {
				"graceful-fs": "^4.1.6"
			}
		},
		"minimist": {
			"version": "0.0.10",
			"resolved": "https://registry.npmjs.org/minimist/-/minimist-0.0.10.tgz",
			"integrity": "sha1-3j+YVD2/lggr5IrRoMfNqDYwHc8="
		},
		"neo-async": {
			"version": "2.6.2",
			"resolved": "https://registry.npmjs.org/neo-async/-/neo-async-2.6.2.tgz",
			"integrity": "sha512-Yd3UES5mWCSqR+qNT93S3UoYUkqAZ9lLg8a7g9rimsWmYGK8cVToA4/sF3RrshdyV3sAGMXVUmpMYOw+dLpOuw=="
		},
		"optimist": {
			"version": "0.6.1",
			"resolved": "https://registry.npmjs.org/optimist/-/optimist-0.6.1.tgz",
			"integrity": "sha1-2j6nRob6IaGaERwybpDrFaAZZoY=",
			"requires": {
				"minimist": "~0.0.1",
				"wordwrap": "~0.0.2"
			}
		},
		"source-map": {
			"version": "0.6.1",
			"resolved": "https://registry.npmjs.org/source-map/-/source-map-0.6.1.tgz",
			"integrity": "sha512-UjgapumWlbMhkBgzT7Ykc5YXUT46F0iKu8SGXq0bcwP5dz/h0Plj6enJqjz1Zbq2l5WaqYnrVbwWOWMyF3F47g=="
		},
		"uglify-js": {
			"version": "3.13.0",
			"resolved": "https://registry.npmjs.org/uglify-js/-/uglify-js-3.13.0.tgz",
			"integrity": "sha512-TWYSWa9T2pPN4DIJYbU9oAjQx+5qdV5RUDxwARg8fmJZrD/V27Zj0JngW5xg1DFz42G0uDYl2XhzF6alSzD62w==",
			"optional": true
		},
		"universalify": {
			"version": "0.1.2",
			"resolved": "https://registry.npmjs.org/universalify/-/universalify-0.1.2.tgz",
			"integrity": "sha512-rBJeI5CXAlmy1pV+617WB9J63U6XcazHHF2f2dbJix4XzpUF0RS3Zbj0FGIOCAva5P/d/GBOYaACQ1w+0azUkg=="
		},
		"void-elements": {
			"version": "1.0.0",
			"resolved": "https://registry.npmjs.org/void-elements/-/void-elements-1.0.0.tgz",
			"integrity": "sha1-bl2x411ZH1rGkM4aNA95OoF7LCo="
		},
		"wordwrap": {
			"version": "0.0.3",
			"resolved": "https://registry.npmjs.org/wordwrap/-/wordwrap-0.0.3.tgz",
			"integrity": "sha1-o9XabNXAvAAI03I0u68b7WMFkQc="
		}
	}
}
